
Microsoft Visual Studio Solution File, Format Version 12.00
# Visual Studio Version 17
VisualStudioVersion = 17.9.34526.213
MinimumVisualStudioVersion = 10.0.40219.1
Project("{FAE04EC0-301F-11D3-BF4B-00C04F79EFBC}") = "DIUsingReflection", "DIUsingReflection\DIUsingReflection.csproj", "{77D5C580-D126-42B7-B09A-5B975FCFA733}"
EndProject
Global
	GlobalSection(SolutionConfigurationPlatforms) = preSolution
		Debug|Any CPU = Debug|Any CPU
		Release|Any CPU = Release|Any CPU
	EndGlobalSection
	GlobalSection(ProjectConfigurationPlatforms) = postSolution
		{77D5C580-D126-42B7-B09A-5B975FCFA733}.Debug|Any CPU.ActiveCfg = Debug|Any CPU
		{77D5C580-D126-42B7-B09A-5B975FCFA733}.Debug|Any CPU.Build.0 = Debug|Any CPU
		{77D5C580-D126-42B7-B09A-5B975FCFA733}.Release|Any CPU.ActiveCfg = Release|Any CPU
		{77D5C580-D126-42B7-B09A-5B975FCFA733}.Release|Any CPU.Build.0 = Release|Any CPU
	EndGlobalSection
	GlobalSection(SolutionProperties) = preSolution
		HideSolutionNode = FALSE
	EndGlobalSection
	GlobalSection(ExtensibilityGlobals) = postSolution
		SolutionGuid = {74BD21D1-0BCC-479D-A6F8-4639ABE001C6}
	EndGlobalSection
EndGlobal
